// !$*UTF8*$!
{
	archiveVersion = 1;
	classes = {
	};
	objectVersion = 46;
	objects = {

/* Begin PBXBuildFile section */
		8463833E1E3BA55F00CF1FE4 /* AppDelegate.swift in Sources */ = {isa = PBXBuildFile; fileRef = 8463833D1E3BA55F00CF1FE4 /* AppDelegate.swift */; };
		846383401E3BA55F00CF1FE4 /* ViewController.swift in Sources */ = {isa = PBXBuildFile; fileRef = 8463833F1E3BA55F00CF1FE4 /* ViewController.swift */; };
		846383431E3BA55F00CF1FE4 /* Main.storyboard in Resources */ = {isa = PBXBuildFile; fileRef = 846383411E3BA55F00CF1FE4 /* Main.storyboard */; };
		846383451E3BA55F00CF1FE4 /* Assets.xcassets in Resources */ = {isa = PBXBuildFile; fileRef = 846383441E3BA55F00CF1FE4 /* Assets.xcassets */; };
		846383481E3BA55F00CF1FE4 /* LaunchScreen.storyboard in Resources */ = {isa = PBXBuildFile; fileRef = 846383461E3BA55F00CF1FE4 /* LaunchScreen.storyboard */; };
		846383521E3BA5E100CF1FE4 /* iCarousel.m in Sources */ = {isa = PBXBuildFile; fileRef = 846383511E3BA5E100CF1FE4 /* iCarousel.m */; };
/* End PBXBuildFile section */

/* Begin PBXFileReference section */
		8463833A1E3BA55F00CF1FE4 /* iCarousel.app */ = {isa = PBXFileReference; explicitFileType = wrapper.application; includeInIndex = 0; path = iCarousel.app; sourceTree = BUILT_PRODUCTS_DIR; };
		8463833D1E3BA55F00CF1FE4 /* AppDelegate.swift */ = {isa = PBXFileReference; lastKnownFileType = sourcecode.swift; path = AppDelegate.swift; sourceTree = "<group>"; };
		8463833F1E3BA55F00CF1FE4 /* ViewController.swift */ = {isa = PBXFileReference; lastKnownFileType = sourcecode.swift; path = ViewController.swift; sourceTree = "<group>"; };
		846383421E3BA55F00CF1FE4 /* Base */ = {isa = PBXFileReference; lastKnownFileType = file.storyboard; name = Base; path = Base.lproj/Main.storyboard; sourceTree = "<group>"; };
		846383441E3BA55F00CF1FE4 /* Assets.xcassets */ = {isa = PBXFileReference; lastKnownFileType = folder.assetcatalog; path = Assets.xcassets; sourceTree = "<group>"; };
		846383471E3BA55F00CF1FE4 /* Base */ = {isa = PBXFileReference; lastKnownFileType = file.storyboard; name = Base; path = Base.lproj/LaunchScreen.storyboard; sourceTree = "<group>"; };
		846383491E3BA55F00CF1FE4 /* Info.plist */ = {isa = PBXFileReference; lastKnownFileType = text.plist.xml; path = Info.plist; sourceTree = "<group>"; };
		8463834F1E3BA5DF00CF1FE4 /* iCarousel-Bridging-Header.h */ = {isa = PBXFileReference; lastKnownFileType = sourcecode.c.h; path = "iCarousel-Bridging-Header.h"; sourceTree = "<group>"; };
		846383501E3BA5E100CF1FE4 /* iCarousel.h */ = {isa = PBXFileReference; fileEncoding = 4; lastKnownFileType = sourcecode.c.h; path = iCarousel.h; sourceTree = "<group>"; };
		846383511E3BA5E100CF1FE4 /* iCarousel.m */ = {isa = PBXFileReference; fileEncoding = 4; lastKnownFileType = sourcecode.c.objc; path = iCarousel.m; sourceTree = "<group>"; };
/* End PBXFileReference section */

/* Begin PBXFrameworksBuildPhase section */
		846383371E3BA55F00CF1FE4 /* Frameworks */ = {
			isa = PBXFrameworksBuildPhase;
			buildActionMask = 2147483647;
			files = (
			);
			runOnlyForDeploymentPostprocessing = 0;
		};
/* End PBXFrameworksBuildPhase section */

/* Begin PBXGroup section */
		846383311E3BA55F00CF1FE4 = {
			isa = PBXGroup;
			children = (
				8463833C1E3BA55F00CF1FE4 /* iCarousel */,
				8463833B1E3BA55F00CF1FE4 /* Products */,
			);
			sourceTree = "<group>";
		};
		8463833B1E3BA55F00CF1FE4 /* Products */ = {
			isa = PBXGroup;
			children = (
				8463833A1E3BA55F00CF1FE4 /* iCarousel.app */,
			);
			name = Products;
			sourceTree = "<group>";
		};
		8463833C1E3BA55F00CF1FE4 /* iCarousel */ = {
			isa = PBXGroup;
			children = (
				846383501E3BA5E100CF1FE4 /* iCarousel.h */,
				846383511E3BA5E100CF1FE4 /* iCarousel.m */,
				8463833D1E3BA55F00CF1FE4 /* AppDelegate.swift */,
				8463833F1E3BA55F00CF1FE4 /* ViewController.swift */,
				846383411E3BA55F00CF1FE4 /* Main.storyboard */,
				846383441E3BA55F00CF1FE4 /* Assets.xcassets */,
				846383461E3BA55F00CF1FE4 /* LaunchScreen.storyboard */,
				846383491E3BA55F00CF1FE4 /* Info.plist */,
				8463834F1E3BA5DF00CF1FE4 /* iCarousel-Bridging-Header.h */,
			);
			path = iCarousel;
			sourceTree = "<group>";
		};
/* End PBXGroup section */

/* Begin PBXNativeTarget section */
		846383391E3BA55F00CF1FE4 /* iCarousel */ = {
			isa = PBXNativeTarget;
			buildConfigurationList = 8463834C1E3BA55F00CF1FE4 /* Build configuration list for PBXNativeTarget "iCarousel" */;
			buildPhases = (
				846383361E3BA55F00CF1FE4 /* Sources */,
				846383371E3BA55F00CF1FE4 /* Frameworks */,
				846383381E3BA55F00CF1FE4 /* Resources */,
			);
			buildRules = (
			);
			dependencies = (
			);
			name = iCarousel;
			productName = iCarousel;
			productReference = 8463833A1E3BA55F00CF1FE4 /* iCarousel.app */;
			productType = "com.apple.product-type.application";
		};
/* End PBXNativeTarget section */

/* Begin PBXProject section */
		846383321E3BA55F00CF1FE4 /* Project object */ = {
			isa = PBXProject;
			attributes = {
				LastSwiftUpdateCheck = 0810;
				LastUpgradeCheck = 0810;
				ORGANIZATIONNAME = Admin;
				TargetAttributes = {
					846383391E3BA55F00CF1FE4 = {
						CreatedOnToolsVersion = 8.1;
						LastSwiftMigration = 0810;
						ProvisioningStyle = Automatic;
					};
				};
			};
			buildConfigurationList = 846383351E3BA55F00CF1FE4 /* Build configuration list for PBXProject "iCarousel" */;
			compatibilityVersion = "Xcode 3.2";
			developmentRegion = English;
			hasScannedForEncodings = 0;
			knownRegions = (
				en,
				Base,
			);
			mainGroup = 846383311E3BA55F00CF1FE4;
			productRefGroup = 8463833B1E3BA55F00CF1FE4 /* Products */;
			projectDirPath = "";
			projectRoot = "";
			targets = (
				846383391E3BA55F00CF1FE4 /* iCarousel */,
			);
		};
/* End PBXProject section */

/* Begin PBXResourcesBuildPhase section */
		846383381E3BA55F00CF1FE4 /* Resources */ = {
			isa = PBXResourcesBuildPhase;
			buildActionMask = 2147483647;
			files = (
				846383481E3BA55F00CF1FE4 /* LaunchScreen.storyboard in Resources */,
				846383451E3BA55F00CF1FE4 /* Assets.xcassets in Resources */,
				846383431E3BA55F00CF1FE4 /* Main.storyboard in Resources */,
			);
			runOnlyForDeploymentPostprocessing = 0;
		};
/* End PBXResourcesBuildPhase section */

/* Begin PBXSourcesBuildPhase section */
		846383361E3BA55F00CF1FE4 /* Sources */ = {
			isa = PBXSourcesBuildPhase;
			buildActionMask = 2147483647;
			files = (
				846383521E3BA5E100CF1FE4 /* iCarousel.m in Sources */,
				846383401E3BA55F00CF1FE4 /* ViewController.swift in Sources */,
				8463833E1E3BA55F00CF1FE4 /* AppDelegate.swift in Sources */,
			);
			runOnlyForDeploymentPostprocessing = 0;
		};
/* End PBXSourcesBuildPhase section */

/* Begin PBXVariantGroup section */
		846383411E3BA55F00CF1FE4 /* Main.storyboard */ = {
			isa = PBXVariantGroup;
			children = (
				846383421E3BA55F00CF1FE4 /* Base */,
			);
			name = Main.storyboard;
			sourceTree = "<group>";
		};
		846383461E3BA55F00CF1FE4 /* LaunchScreen.storyboard */ = {
			isa = PBXVariantGroup;
			children = (
				846383471E3BA55F00CF1FE4 /* Base */,
			);
			name = LaunchScreen.storyboard;
			sourceTree = "<group>";
		};
/* End PBXVariantGroup section */

/* Begin XCBuildConfiguration section */
		8463834A1E3BA55F00CF1FE4 /* Debug */ = {
			isa = XCBuildConfiguration;
			buildSettings = {
				ALWAYS_SEARCH_USER_PATHS = NO;
				CLANG_ANALYZER_NONNULL = YES;
				CLANG_CXX_LANGUAGE_STANDARD = "gnu++0x";
				CLANG_CXX_LIBRARY = "libc++";
				CLANG_ENABLE_MODULES = YES;
				CLANG_ENABLE_OBJC_ARC = YES;
				CLANG_WARN_BOOL_CONVERSION = YES;
				CLANG_WARN_CONSTANT_CONVERSION = YES;
				CLANG_WARN_DIRECT_OBJC_ISA_USAGE = YES_ERROR;
				CLANG_WARN_DOCUMENTATION_COMMENTS = YES;
				CLANG_WARN_EMPTY_BODY = YES;
				CLANG_WARN_ENUM_CONVERSION = YES;
				CLANG_WARN_INFINITE_RECURSION = YES;
				CLANG_WARN_INT_CONVERSION = YES;
				CLANG_WARN_OBJC_ROOT_CLASS = YES_ERROR;
				CLANG_WARN_SUSPICIOUS_MOVES = YES;
				CLANG_WARN_UNREACHABLE_CODE = YES;
				CLANG_WARN__DUPLICATE_METHOD_MATCH = YES;
				"CODE_SIGN_IDENTITY[sdk=iphoneos*]" = "iPhone Developer";
				COPY_PHASE_STRIP = NO;
				DEBUG_INFORMATION_FORMAT = dwarf;
				ENABLE_STRICT_OBJC_MSGSEND = YES;
				ENABLE_TESTABILITY = YES;
				GCC_C_LANGUAGE_STANDARD = gnu99;
				GCC_DYNAMIC_NO_PIC = NO;
				GCC_NO_COMMON_BLOCKS = YES;
				GCC_OPTIMIZATION_LEVEL = 0;
				GCC_PREPROCESSOR_DEFINITIONS = (
					"DEBUG=1",
					"$(inherited)",
				);
				GCC_WARN_64_TO_32_BIT_CONVERSION = YES;
				GCC_WARN_ABOUT_RETURN_TYPE = YES_ERROR;
				GCC_WARN_UNDECLARED_SELECTOR = YES;
				GCC_WARN_UNINITIALIZED_AUTOS = YES_AGGRESSIVE;
				GCC_WARN_UNUSED_FUNCTION = YES;
				GCC_WARN_UNUSED_VARIABLE = YES;
				IPHONEOS_DEPLOYMENT_TARGET = 10.1;
				MTL_ENABLE_DEBUG_INFO = YES;
				ONLY_ACTIVE_ARCH = YES;
				SDKROOT = iphoneos;
				SWIFT_ACTIVE_COMPILATION_CONDITIONS = DEBUG;
				SWIFT_OPTIMIZATION_LEVEL = "-Onone";
				TARGETED_DEVICE_FAMILY = "1,2";
			};
			name = Debug;
		};
		8463834B1E3BA55F00CF1FE4 /* Release */ = {
			isa = XCBuildConfiguration;
			buildSettings = {
				ALWAYS_SEARCH_USER_PATHS = NO;
				CLANG_ANALYZER_NONNULL = YES;
				CLANG_CXX_LANGUAGE_STANDARD = "gnu++0x";
				CLANG_CXX_LIBRARY = "libc++";
				CLANG_ENABLE_MODULES = YES;
				CLANG_ENABLE_OBJC_ARC = YES;
				CLANG_WARN_BOOL_CONVERSION = YES;
				CLANG_WARN_CONSTANT_CONVERSION = YES;
				CLANG_WARN_DIRECT_OBJC_ISA_USAGE = YES_ERROR;
				CLANG_WARN_DOCUMENTATION_COMMENTS = YES;
				CLANG_WARN_EMPTY_BODY = YES;
				CLANG_WARN_ENUM_CONVERSION = YES;
				CLANG_WARN_INFINITE_RECURSION = YES;
				CLANG_WARN_INT_CONVERSION = YES;
				CLANG_WARN_OBJC_ROOT_CLASS = YES_ERROR;
				CLANG_WARN_SUSPICIOUS_MOVES = YES;
				CLANG_WARN_UNREACHABLE_CODE = YES;
				CLANG_WARN__DUPLICATE_METHOD_MATCH = YES;
				"CODE_SIGN_IDENTITY[sdk=iphoneos*]" = "iPhone Developer";
				COPY_PHASE_STRIP = NO;
				DEBUG_INFORMATION_FORMAT = "dwarf-with-dsym";
				ENABLE_NS_ASSERTIONS = NO;
				ENABLE_STRICT_OBJC_MSGSEND = YES;
				GCC_C_LANGUAGE_STANDARD = gnu99;
				GCC_NO_COMMON_BLOCKS = YES;
				GCC_WARN_64_TO_32_BIT_CONVERSION = YES;
				GCC_WARN_ABOUT_RETURN_TYPE = YES_ERROR;
				GCC_WARN_UNDECLARED_SELECTOR = YES;
				GCC_WARN_UNINITIALIZED_AUTOS = YES_AGGRESSIVE;
				GCC_WARN_UNUSED_FUNCTION = YES;
				GCC_WARN_UNUSED_VARIABLE = YES;
				IPHONEOS_DEPLOYMENT_TARGET = 10.1;
				MTL_ENABLE_DEBUG_INFO = NO;
				SDKROOT = iphoneos;
				SWIFT_OPTIMIZATION_LEVEL = "-Owholemodule";
				TARGETED_DEVICE_FAMILY = "1,2";
				VALIDATE_PRODUCT = YES;
			};
			name = Release;
		};
		8463834D1E3BA55F00CF1FE4 /* Debug */ = {
			isa = XCBuildConfiguration;
			buildSettings = {
				ASSETCATALOG_COMPILER_APPICON_NAME = AppIcon;
				CLANG_ENABLE_MODULES = YES;
				INFOPLIST_FILE = iCarousel/Info.plist;
				LD_RUNPATH_SEARCH_PATHS = "$(inherited) @executable_path/Frameworks";
				PRODUCT_BUNDLE_IDENTIFIER = com.sur.iCarousel;
				PRODUCT_NAME = "$(TARGET_NAME)";
				SWIFT_OBJC_BRIDGING_HEADER = "iCarousel/iCarousel-Bridging-Header.h";
				SWIFT_OPTIMIZATION_LEVEL = "-Onone";
				SWIFT_VERSION = 3.0;
			};
			name = Debug;
		};
		8463834E1E3BA55F00CF1FE4 /* Release */ = {
			isa = XCBuildConfiguration;
			buildSettings = {
				ASSETCATALOG_COMPILER_APPICON_NAME = AppIcon;
				CLANG_ENABLE_MODULES = YES;
				INFOPLIST_FILE = iCarousel/Info.plist;
				LD_RUNPATH_SEARCH_PATHS = "$(inherited) @executable_path/Frameworks";
				PRODUCT_BUNDLE_IDENTIFIER = com.sur.iCarousel;
				PRODUCT_NAME = "$(TARGET_NAME)";
				SWIFT_OBJC_BRIDGING_HEADER = "iCarousel/iCarousel-Bridging-Header.h";
				SWIFT_VERSION = 3.0;
			};
			name = Release;
		};
/* End XCBuildConfiguration section */

/* Begin XCConfigurationList section */
		846383351E3BA55F00CF1FE4 /* Build configuration list for PBXProject "iCarousel" */ = {
			isa = XCConfigurationList;
			buildConfigurations = (
				8463834A1E3BA55F00CF1FE4 /* Debug */,
				8463834B1E3BA55F00CF1FE4 /* Release */,
			);
			defaultConfigurationIsVisible = 0;
			defaultConfigurationName = Release;
		};
		8463834C1E3BA55F00CF1FE4 /* Build configuration list for PBXNativeTarget "iCarousel" */ = {
			isa = XCConfigurationList;
			buildConfigurations = (
				8463834D1E3BA55F00CF1FE4 /* Debug */,
				8463834E1E3BA55F00CF1FE4 /* Release */,
			);
			defaultConfigurationIsVisible = 0;
		};
/* End XCConfigurationList section */
	};
	rootObject = 846383321E3BA55F00CF1FE4 /* Project object */;
}
