// !$*UTF8*$!
{
	archiveVersion = 1;
	classes = {
	};
	objectVersion = 46;
	objects = {

/* Begin PBXBuildFile section */
		84DB4FCD1E2A38B9004ECC33 /* AppDelegate.swift in Sources */ = {isa = PBXBuildFile; fileRef = 84DB4FCC1E2A38B9004ECC33 /* AppDelegate.swift */; };
		84DB4FCF1E2A38B9004ECC33 /* ViewController.swift in Sources */ = {isa = PBXBuildFile; fileRef = 84DB4FCE1E2A38B9004ECC33 /* ViewController.swift */; };
		84DB4FD21E2A38B9004ECC33 /* Main.storyboard in Resources */ = {isa = PBXBuildFile; fileRef = 84DB4FD01E2A38B9004ECC33 /* Main.storyboard */; };
		84DB4FD41E2A38B9004ECC33 /* Assets.xcassets in Resources */ = {isa = PBXBuildFile; fileRef = 84DB4FD31E2A38B9004ECC33 /* Assets.xcassets */; };
		84DB4FD71E2A38B9004ECC33 /* LaunchScreen.storyboard in Resources */ = {isa = PBXBuildFile; fileRef = 84DB4FD51E2A38B9004ECC33 /* LaunchScreen.storyboard */; };
/* End PBXBuildFile section */

/* Begin PBXFileReference section */
		84DB4FC91E2A38B9004ECC33 /* UIButton in a UIStackView.app */ = {isa = PBXFileReference; explicitFileType = wrapper.application; includeInIndex = 0; path = "UIButton in a UIStackView.app"; sourceTree = BUILT_PRODUCTS_DIR; };
		84DB4FCC1E2A38B9004ECC33 /* AppDelegate.swift */ = {isa = PBXFileReference; lastKnownFileType = sourcecode.swift; path = AppDelegate.swift; sourceTree = "<group>"; };
		84DB4FCE1E2A38B9004ECC33 /* ViewController.swift */ = {isa = PBXFileReference; lastKnownFileType = sourcecode.swift; path = ViewController.swift; sourceTree = "<group>"; };
		84DB4FD11E2A38B9004ECC33 /* Base */ = {isa = PBXFileReference; lastKnownFileType = file.storyboard; name = Base; path = Base.lproj/Main.storyboard; sourceTree = "<group>"; };
		84DB4FD31E2A38B9004ECC33 /* Assets.xcassets */ = {isa = PBXFileReference; lastKnownFileType = folder.assetcatalog; path = Assets.xcassets; sourceTree = "<group>"; };
		84DB4FD61E2A38B9004ECC33 /* Base */ = {isa = PBXFileReference; lastKnownFileType = file.storyboard; name = Base; path = Base.lproj/LaunchScreen.storyboard; sourceTree = "<group>"; };
		84DB4FD81E2A38B9004ECC33 /* Info.plist */ = {isa = PBXFileReference; lastKnownFileType = text.plist.xml; path = Info.plist; sourceTree = "<group>"; };
/* End PBXFileReference section */

/* Begin PBXFrameworksBuildPhase section */
		84DB4FC61E2A38B9004ECC33 /* Frameworks */ = {
			isa = PBXFrameworksBuildPhase;
			buildActionMask = 2147483647;
			files = (
			);
			runOnlyForDeploymentPostprocessing = 0;
		};
/* End PBXFrameworksBuildPhase section */

/* Begin PBXGroup section */
		84DB4FC01E2A38B9004ECC33 = {
			isa = PBXGroup;
			children = (
				84DB4FCB1E2A38B9004ECC33 /* UIButton in a UIStackView */,
				84DB4FCA1E2A38B9004ECC33 /* Products */,
			);
			sourceTree = "<group>";
		};
		84DB4FCA1E2A38B9004ECC33 /* Products */ = {
			isa = PBXGroup;
			children = (
				84DB4FC91E2A38B9004ECC33 /* UIButton in a UIStackView.app */,
			);
			name = Products;
			sourceTree = "<group>";
		};
		84DB4FCB1E2A38B9004ECC33 /* UIButton in a UIStackView */ = {
			isa = PBXGroup;
			children = (
				84DB4FCC1E2A38B9004ECC33 /* AppDelegate.swift */,
				84DB4FCE1E2A38B9004ECC33 /* ViewController.swift */,
				84DB4FD01E2A38B9004ECC33 /* Main.storyboard */,
				84DB4FD31E2A38B9004ECC33 /* Assets.xcassets */,
				84DB4FD51E2A38B9004ECC33 /* LaunchScreen.storyboard */,
				84DB4FD81E2A38B9004ECC33 /* Info.plist */,
			);
			path = "UIButton in a UIStackView";
			sourceTree = "<group>";
		};
/* End PBXGroup section */

/* Begin PBXNativeTarget section */
		84DB4FC81E2A38B9004ECC33 /* UIButton in a UIStackView */ = {
			isa = PBXNativeTarget;
			buildConfigurationList = 84DB4FDB1E2A38B9004ECC33 /* Build configuration list for PBXNativeTarget "UIButton in a UIStackView" */;
			buildPhases = (
				84DB4FC51E2A38B9004ECC33 /* Sources */,
				84DB4FC61E2A38B9004ECC33 /* Frameworks */,
				84DB4FC71E2A38B9004ECC33 /* Resources */,
			);
			buildRules = (
			);
			dependencies = (
			);
			name = "UIButton in a UIStackView";
			productName = "UIButton in a UIStackView";
			productReference = 84DB4FC91E2A38B9004ECC33 /* UIButton in a UIStackView.app */;
			productType = "com.apple.product-type.application";
		};
/* End PBXNativeTarget section */

/* Begin PBXProject section */
		84DB4FC11E2A38B9004ECC33 /* Project object */ = {
			isa = PBXProject;
			attributes = {
				LastSwiftUpdateCheck = 0810;
				LastUpgradeCheck = 0810;
				ORGANIZATIONNAME = Admin;
				TargetAttributes = {
					84DB4FC81E2A38B9004ECC33 = {
						CreatedOnToolsVersion = 8.1;
						ProvisioningStyle = Automatic;
					};
				};
			};
			buildConfigurationList = 84DB4FC41E2A38B9004ECC33 /* Build configuration list for PBXProject "UIButton in a UIStackView" */;
			compatibilityVersion = "Xcode 3.2";
			developmentRegion = English;
			hasScannedForEncodings = 0;
			knownRegions = (
				en,
				Base,
			);
			mainGroup = 84DB4FC01E2A38B9004ECC33;
			productRefGroup = 84DB4FCA1E2A38B9004ECC33 /* Products */;
			projectDirPath = "";
			projectRoot = "";
			targets = (
				84DB4FC81E2A38B9004ECC33 /* UIButton in a UIStackView */,
			);
		};
/* End PBXProject section */

/* Begin PBXResourcesBuildPhase section */
		84DB4FC71E2A38B9004ECC33 /* Resources */ = {
			isa = PBXResourcesBuildPhase;
			buildActionMask = 2147483647;
			files = (
				84DB4FD71E2A38B9004ECC33 /* LaunchScreen.storyboard in Resources */,
				84DB4FD41E2A38B9004ECC33 /* Assets.xcassets in Resources */,
				84DB4FD21E2A38B9004ECC33 /* Main.storyboard in Resources */,
			);
			runOnlyForDeploymentPostprocessing = 0;
		};
/* End PBXResourcesBuildPhase section */

/* Begin PBXSourcesBuildPhase section */
		84DB4FC51E2A38B9004ECC33 /* Sources */ = {
			isa = PBXSourcesBuildPhase;
			buildActionMask = 2147483647;
			files = (
				84DB4FCF1E2A38B9004ECC33 /* ViewController.swift in Sources */,
				84DB4FCD1E2A38B9004ECC33 /* AppDelegate.swift in Sources */,
			);
			runOnlyForDeploymentPostprocessing = 0;
		};
/* End PBXSourcesBuildPhase section */

/* Begin PBXVariantGroup section */
		84DB4FD01E2A38B9004ECC33 /* Main.storyboard */ = {
			isa = PBXVariantGroup;
			children = (
				84DB4FD11E2A38B9004ECC33 /* Base */,
			);
			name = Main.storyboard;
			sourceTree = "<group>";
		};
		84DB4FD51E2A38B9004ECC33 /* LaunchScreen.storyboard */ = {
			isa = PBXVariantGroup;
			children = (
				84DB4FD61E2A38B9004ECC33 /* Base */,
			);
			name = LaunchScreen.storyboard;
			sourceTree = "<group>";
		};
/* End PBXVariantGroup section */

/* Begin XCBuildConfiguration section */
		84DB4FD91E2A38B9004ECC33 /* Debug */ = {
			isa = XCBuildConfiguration;
			buildSettings = {
				ALWAYS_SEARCH_USER_PATHS = NO;
				CLANG_ANALYZER_NONNULL = YES;
				CLANG_CXX_LANGUAGE_STANDARD = "gnu++0x";
				CLANG_CXX_LIBRARY = "libc++";
				CLANG_ENABLE_MODULES = YES;
				CLANG_ENABLE_OBJC_ARC = YES;
				CLANG_WARN_BOOL_CONVERSION = YES;
				CLANG_WARN_CONSTANT_CONVERSION = YES;
				CLANG_WARN_DIRECT_OBJC_ISA_USAGE = YES_ERROR;
				CLANG_WARN_DOCUMENTATION_COMMENTS = YES;
				CLANG_WARN_EMPTY_BODY = YES;
				CLANG_WARN_ENUM_CONVERSION = YES;
				CLANG_WARN_INFINITE_RECURSION = YES;
				CLANG_WARN_INT_CONVERSION = YES;
				CLANG_WARN_OBJC_ROOT_CLASS = YES_ERROR;
				CLANG_WARN_SUSPICIOUS_MOVES = YES;
				CLANG_WARN_UNREACHABLE_CODE = YES;
				CLANG_WARN__DUPLICATE_METHOD_MATCH = YES;
				"CODE_SIGN_IDENTITY[sdk=iphoneos*]" = "iPhone Developer";
				COPY_PHASE_STRIP = NO;
				DEBUG_INFORMATION_FORMAT = dwarf;
				ENABLE_STRICT_OBJC_MSGSEND = YES;
				ENABLE_TESTABILITY = YES;
				GCC_C_LANGUAGE_STANDARD = gnu99;
				GCC_DYNAMIC_NO_PIC = NO;
				GCC_NO_COMMON_BLOCKS = YES;
				GCC_OPTIMIZATION_LEVEL = 0;
				GCC_PREPROCESSOR_DEFINITIONS = (
					"DEBUG=1",
					"$(inherited)",
				);
				GCC_WARN_64_TO_32_BIT_CONVERSION = YES;
				GCC_WARN_ABOUT_RETURN_TYPE = YES_ERROR;
				GCC_WARN_UNDECLARED_SELECTOR = YES;
				GCC_WARN_UNINITIALIZED_AUTOS = YES_AGGRESSIVE;
				GCC_WARN_UNUSED_FUNCTION = YES;
				GCC_WARN_UNUSED_VARIABLE = YES;
				IPHONEOS_DEPLOYMENT_TARGET = 10.1;
				MTL_ENABLE_DEBUG_INFO = YES;
				ONLY_ACTIVE_ARCH = YES;
				SDKROOT = iphoneos;
				SWIFT_ACTIVE_COMPILATION_CONDITIONS = DEBUG;
				SWIFT_OPTIMIZATION_LEVEL = "-Onone";
				TARGETED_DEVICE_FAMILY = "1,2";
			};
			name = Debug;
		};
		84DB4FDA1E2A38B9004ECC33 /* Release */ = {
			isa = XCBuildConfiguration;
			buildSettings = {
				ALWAYS_SEARCH_USER_PATHS = NO;
				CLANG_ANALYZER_NONNULL = YES;
				CLANG_CXX_LANGUAGE_STANDARD = "gnu++0x";
				CLANG_CXX_LIBRARY = "libc++";
				CLANG_ENABLE_MODULES = YES;
				CLANG_ENABLE_OBJC_ARC = YES;
				CLANG_WARN_BOOL_CONVERSION = YES;
				CLANG_WARN_CONSTANT_CONVERSION = YES;
				CLANG_WARN_DIRECT_OBJC_ISA_USAGE = YES_ERROR;
				CLANG_WARN_DOCUMENTATION_COMMENTS = YES;
				CLANG_WARN_EMPTY_BODY = YES;
				CLANG_WARN_ENUM_CONVERSION = YES;
				CLANG_WARN_INFINITE_RECURSION = YES;
				CLANG_WARN_INT_CONVERSION = YES;
				CLANG_WARN_OBJC_ROOT_CLASS = YES_ERROR;
				CLANG_WARN_SUSPICIOUS_MOVES = YES;
				CLANG_WARN_UNREACHABLE_CODE = YES;
				CLANG_WARN__DUPLICATE_METHOD_MATCH = YES;
				"CODE_SIGN_IDENTITY[sdk=iphoneos*]" = "iPhone Developer";
				COPY_PHASE_STRIP = NO;
				DEBUG_INFORMATION_FORMAT = "dwarf-with-dsym";
				ENABLE_NS_ASSERTIONS = NO;
				ENABLE_STRICT_OBJC_MSGSEND = YES;
				GCC_C_LANGUAGE_STANDARD = gnu99;
				GCC_NO_COMMON_BLOCKS = YES;
				GCC_WARN_64_TO_32_BIT_CONVERSION = YES;
				GCC_WARN_ABOUT_RETURN_TYPE = YES_ERROR;
				GCC_WARN_UNDECLARED_SELECTOR = YES;
				GCC_WARN_UNINITIALIZED_AUTOS = YES_AGGRESSIVE;
				GCC_WARN_UNUSED_FUNCTION = YES;
				GCC_WARN_UNUSED_VARIABLE = YES;
				IPHONEOS_DEPLOYMENT_TARGET = 10.1;
				MTL_ENABLE_DEBUG_INFO = NO;
				SDKROOT = iphoneos;
				SWIFT_OPTIMIZATION_LEVEL = "-Owholemodule";
				TARGETED_DEVICE_FAMILY = "1,2";
				VALIDATE_PRODUCT = YES;
			};
			name = Release;
		};
		84DB4FDC1E2A38B9004ECC33 /* Debug */ = {
			isa = XCBuildConfiguration;
			buildSettings = {
				ASSETCATALOG_COMPILER_APPICON_NAME = AppIcon;
				INFOPLIST_FILE = "UIButton in a UIStackView/Info.plist";
				LD_RUNPATH_SEARCH_PATHS = "$(inherited) @executable_path/Frameworks";
				PRODUCT_BUNDLE_IDENTIFIER = "com.sur.UIButton-in-a-UIStackView";
				PRODUCT_NAME = "$(TARGET_NAME)";
				SWIFT_VERSION = 3.0;
			};
			name = Debug;
		};
		84DB4FDD1E2A38B9004ECC33 /* Release */ = {
			isa = XCBuildConfiguration;
			buildSettings = {
				ASSETCATALOG_COMPILER_APPICON_NAME = AppIcon;
				INFOPLIST_FILE = "UIButton in a UIStackView/Info.plist";
				LD_RUNPATH_SEARCH_PATHS = "$(inherited) @executable_path/Frameworks";
				PRODUCT_BUNDLE_IDENTIFIER = "com.sur.UIButton-in-a-UIStackView";
				PRODUCT_NAME = "$(TARGET_NAME)";
				SWIFT_VERSION = 3.0;
			};
			name = Release;
		};
/* End XCBuildConfiguration section */

/* Begin XCConfigurationList section */
		84DB4FC41E2A38B9004ECC33 /* Build configuration list for PBXProject "UIButton in a UIStackView" */ = {
			isa = XCConfigurationList;
			buildConfigurations = (
				84DB4FD91E2A38B9004ECC33 /* Debug */,
				84DB4FDA1E2A38B9004ECC33 /* Release */,
			);
			defaultConfigurationIsVisible = 0;
			defaultConfigurationName = Release;
		};
		84DB4FDB1E2A38B9004ECC33 /* Build configuration list for PBXNativeTarget "UIButton in a UIStackView" */ = {
			isa = XCConfigurationList;
			buildConfigurations = (
				84DB4FDC1E2A38B9004ECC33 /* Debug */,
				84DB4FDD1E2A38B9004ECC33 /* Release */,
			);
			defaultConfigurationIsVisible = 0;
		};
/* End XCConfigurationList section */
	};
	rootObject = 84DB4FC11E2A38B9004ECC33 /* Project object */;
}
