// !$*UTF8*$!
{
	archiveVersion = 1;
	classes = {
	};
	objectVersion = 46;
	objects = {

/* Begin PBXBuildFile section */
		84870A411E4BA6DF00535254 /* AppDelegate.swift in Sources */ = {isa = PBXBuildFile; fileRef = 84870A401E4BA6DF00535254 /* AppDelegate.swift */; };
		84870A431E4BA6DF00535254 /* ViewController.swift in Sources */ = {isa = PBXBuildFile; fileRef = 84870A421E4BA6DF00535254 /* ViewController.swift */; };
		84870A461E4BA6DF00535254 /* Main.storyboard in Resources */ = {isa = PBXBuildFile; fileRef = 84870A441E4BA6DF00535254 /* Main.storyboard */; };
		84870A481E4BA6DF00535254 /* Assets.xcassets in Resources */ = {isa = PBXBuildFile; fileRef = 84870A471E4BA6DF00535254 /* Assets.xcassets */; };
		84870A4B1E4BA6DF00535254 /* LaunchScreen.storyboard in Resources */ = {isa = PBXBuildFile; fileRef = 84870A491E4BA6DF00535254 /* LaunchScreen.storyboard */; };
		84870A531E4BC75400535254 /* ScrollView.xib in Resources */ = {isa = PBXBuildFile; fileRef = 84870A521E4BC75400535254 /* ScrollView.xib */; };
		84870A551E4BC9D000535254 /* ScrollView.swift in Sources */ = {isa = PBXBuildFile; fileRef = 84870A541E4BC9D000535254 /* ScrollView.swift */; };
/* End PBXBuildFile section */

/* Begin PBXFileReference section */
		84870A3D1E4BA6DF00535254 /* ScrollView.app */ = {isa = PBXFileReference; explicitFileType = wrapper.application; includeInIndex = 0; path = ScrollView.app; sourceTree = BUILT_PRODUCTS_DIR; };
		84870A401E4BA6DF00535254 /* AppDelegate.swift */ = {isa = PBXFileReference; lastKnownFileType = sourcecode.swift; path = AppDelegate.swift; sourceTree = "<group>"; };
		84870A421E4BA6DF00535254 /* ViewController.swift */ = {isa = PBXFileReference; lastKnownFileType = sourcecode.swift; path = ViewController.swift; sourceTree = "<group>"; };
		84870A451E4BA6DF00535254 /* Base */ = {isa = PBXFileReference; lastKnownFileType = file.storyboard; name = Base; path = Base.lproj/Main.storyboard; sourceTree = "<group>"; };
		84870A471E4BA6DF00535254 /* Assets.xcassets */ = {isa = PBXFileReference; lastKnownFileType = folder.assetcatalog; path = Assets.xcassets; sourceTree = "<group>"; };
		84870A4A1E4BA6DF00535254 /* Base */ = {isa = PBXFileReference; lastKnownFileType = file.storyboard; name = Base; path = Base.lproj/LaunchScreen.storyboard; sourceTree = "<group>"; };
		84870A4C1E4BA6DF00535254 /* Info.plist */ = {isa = PBXFileReference; lastKnownFileType = text.plist.xml; path = Info.plist; sourceTree = "<group>"; };
		84870A521E4BC75400535254 /* ScrollView.xib */ = {isa = PBXFileReference; fileEncoding = 4; lastKnownFileType = file.xib; path = ScrollView.xib; sourceTree = "<group>"; };
		84870A541E4BC9D000535254 /* ScrollView.swift */ = {isa = PBXFileReference; fileEncoding = 4; lastKnownFileType = sourcecode.swift; path = ScrollView.swift; sourceTree = "<group>"; };
/* End PBXFileReference section */

/* Begin PBXFrameworksBuildPhase section */
		84870A3A1E4BA6DF00535254 /* Frameworks */ = {
			isa = PBXFrameworksBuildPhase;
			buildActionMask = 2147483647;
			files = (
			);
			runOnlyForDeploymentPostprocessing = 0;
		};
/* End PBXFrameworksBuildPhase section */

/* Begin PBXGroup section */
		84870A341E4BA6DF00535254 = {
			isa = PBXGroup;
			children = (
				84870A3F1E4BA6DF00535254 /* ScrollView */,
				84870A3E1E4BA6DF00535254 /* Products */,
			);
			sourceTree = "<group>";
		};
		84870A3E1E4BA6DF00535254 /* Products */ = {
			isa = PBXGroup;
			children = (
				84870A3D1E4BA6DF00535254 /* ScrollView.app */,
			);
			name = Products;
			sourceTree = "<group>";
		};
		84870A3F1E4BA6DF00535254 /* ScrollView */ = {
			isa = PBXGroup;
			children = (
				84870A401E4BA6DF00535254 /* AppDelegate.swift */,
				84870A421E4BA6DF00535254 /* ViewController.swift */,
				84870A441E4BA6DF00535254 /* Main.storyboard */,
				84870A521E4BC75400535254 /* ScrollView.xib */,
				84870A541E4BC9D000535254 /* ScrollView.swift */,
				84870A471E4BA6DF00535254 /* Assets.xcassets */,
				84870A491E4BA6DF00535254 /* LaunchScreen.storyboard */,
				84870A4C1E4BA6DF00535254 /* Info.plist */,
			);
			path = ScrollView;
			sourceTree = "<group>";
		};
/* End PBXGroup section */

/* Begin PBXNativeTarget section */
		84870A3C1E4BA6DF00535254 /* ScrollView */ = {
			isa = PBXNativeTarget;
			buildConfigurationList = 84870A4F1E4BA6DF00535254 /* Build configuration list for PBXNativeTarget "ScrollView" */;
			buildPhases = (
				84870A391E4BA6DF00535254 /* Sources */,
				84870A3A1E4BA6DF00535254 /* Frameworks */,
				84870A3B1E4BA6DF00535254 /* Resources */,
			);
			buildRules = (
			);
			dependencies = (
			);
			name = ScrollView;
			productName = ScrollView;
			productReference = 84870A3D1E4BA6DF00535254 /* ScrollView.app */;
			productType = "com.apple.product-type.application";
		};
/* End PBXNativeTarget section */

/* Begin PBXProject section */
		84870A351E4BA6DF00535254 /* Project object */ = {
			isa = PBXProject;
			attributes = {
				LastSwiftUpdateCheck = 0810;
				LastUpgradeCheck = 0810;
				ORGANIZATIONNAME = Admin;
				TargetAttributes = {
					84870A3C1E4BA6DF00535254 = {
						CreatedOnToolsVersion = 8.1;
						ProvisioningStyle = Automatic;
					};
				};
			};
			buildConfigurationList = 84870A381E4BA6DF00535254 /* Build configuration list for PBXProject "ScrollView" */;
			compatibilityVersion = "Xcode 3.2";
			developmentRegion = English;
			hasScannedForEncodings = 0;
			knownRegions = (
				en,
				Base,
			);
			mainGroup = 84870A341E4BA6DF00535254;
			productRefGroup = 84870A3E1E4BA6DF00535254 /* Products */;
			projectDirPath = "";
			projectRoot = "";
			targets = (
				84870A3C1E4BA6DF00535254 /* ScrollView */,
			);
		};
/* End PBXProject section */

/* Begin PBXResourcesBuildPhase section */
		84870A3B1E4BA6DF00535254 /* Resources */ = {
			isa = PBXResourcesBuildPhase;
			buildActionMask = 2147483647;
			files = (
				84870A4B1E4BA6DF00535254 /* LaunchScreen.storyboard in Resources */,
				84870A531E4BC75400535254 /* ScrollView.xib in Resources */,
				84870A481E4BA6DF00535254 /* Assets.xcassets in Resources */,
				84870A461E4BA6DF00535254 /* Main.storyboard in Resources */,
			);
			runOnlyForDeploymentPostprocessing = 0;
		};
/* End PBXResourcesBuildPhase section */

/* Begin PBXSourcesBuildPhase section */
		84870A391E4BA6DF00535254 /* Sources */ = {
			isa = PBXSourcesBuildPhase;
			buildActionMask = 2147483647;
			files = (
				84870A431E4BA6DF00535254 /* ViewController.swift in Sources */,
				84870A411E4BA6DF00535254 /* AppDelegate.swift in Sources */,
				84870A551E4BC9D000535254 /* ScrollView.swift in Sources */,
			);
			runOnlyForDeploymentPostprocessing = 0;
		};
/* End PBXSourcesBuildPhase section */

/* Begin PBXVariantGroup section */
		84870A441E4BA6DF00535254 /* Main.storyboard */ = {
			isa = PBXVariantGroup;
			children = (
				84870A451E4BA6DF00535254 /* Base */,
			);
			name = Main.storyboard;
			sourceTree = "<group>";
		};
		84870A491E4BA6DF00535254 /* LaunchScreen.storyboard */ = {
			isa = PBXVariantGroup;
			children = (
				84870A4A1E4BA6DF00535254 /* Base */,
			);
			name = LaunchScreen.storyboard;
			sourceTree = "<group>";
		};
/* End PBXVariantGroup section */

/* Begin XCBuildConfiguration section */
		84870A4D1E4BA6DF00535254 /* Debug */ = {
			isa = XCBuildConfiguration;
			buildSettings = {
				ALWAYS_SEARCH_USER_PATHS = NO;
				CLANG_ANALYZER_NONNULL = YES;
				CLANG_CXX_LANGUAGE_STANDARD = "gnu++0x";
				CLANG_CXX_LIBRARY = "libc++";
				CLANG_ENABLE_MODULES = YES;
				CLANG_ENABLE_OBJC_ARC = YES;
				CLANG_WARN_BOOL_CONVERSION = YES;
				CLANG_WARN_CONSTANT_CONVERSION = YES;
				CLANG_WARN_DIRECT_OBJC_ISA_USAGE = YES_ERROR;
				CLANG_WARN_DOCUMENTATION_COMMENTS = YES;
				CLANG_WARN_EMPTY_BODY = YES;
				CLANG_WARN_ENUM_CONVERSION = YES;
				CLANG_WARN_INFINITE_RECURSION = YES;
				CLANG_WARN_INT_CONVERSION = YES;
				CLANG_WARN_OBJC_ROOT_CLASS = YES_ERROR;
				CLANG_WARN_SUSPICIOUS_MOVES = YES;
				CLANG_WARN_UNREACHABLE_CODE = YES;
				CLANG_WARN__DUPLICATE_METHOD_MATCH = YES;
				"CODE_SIGN_IDENTITY[sdk=iphoneos*]" = "iPhone Developer";
				COPY_PHASE_STRIP = NO;
				DEBUG_INFORMATION_FORMAT = dwarf;
				ENABLE_STRICT_OBJC_MSGSEND = YES;
				ENABLE_TESTABILITY = YES;
				GCC_C_LANGUAGE_STANDARD = gnu99;
				GCC_DYNAMIC_NO_PIC = NO;
				GCC_NO_COMMON_BLOCKS = YES;
				GCC_OPTIMIZATION_LEVEL = 0;
				GCC_PREPROCESSOR_DEFINITIONS = (
					"DEBUG=1",
					"$(inherited)",
				);
				GCC_WARN_64_TO_32_BIT_CONVERSION = YES;
				GCC_WARN_ABOUT_RETURN_TYPE = YES_ERROR;
				GCC_WARN_UNDECLARED_SELECTOR = YES;
				GCC_WARN_UNINITIALIZED_AUTOS = YES_AGGRESSIVE;
				GCC_WARN_UNUSED_FUNCTION = YES;
				GCC_WARN_UNUSED_VARIABLE = YES;
				IPHONEOS_DEPLOYMENT_TARGET = 10.1;
				MTL_ENABLE_DEBUG_INFO = YES;
				ONLY_ACTIVE_ARCH = YES;
				SDKROOT = iphoneos;
				SWIFT_ACTIVE_COMPILATION_CONDITIONS = DEBUG;
				SWIFT_OPTIMIZATION_LEVEL = "-Onone";
				TARGETED_DEVICE_FAMILY = "1,2";
			};
			name = Debug;
		};
		84870A4E1E4BA6DF00535254 /* Release */ = {
			isa = XCBuildConfiguration;
			buildSettings = {
				ALWAYS_SEARCH_USER_PATHS = NO;
				CLANG_ANALYZER_NONNULL = YES;
				CLANG_CXX_LANGUAGE_STANDARD = "gnu++0x";
				CLANG_CXX_LIBRARY = "libc++";
				CLANG_ENABLE_MODULES = YES;
				CLANG_ENABLE_OBJC_ARC = YES;
				CLANG_WARN_BOOL_CONVERSION = YES;
				CLANG_WARN_CONSTANT_CONVERSION = YES;
				CLANG_WARN_DIRECT_OBJC_ISA_USAGE = YES_ERROR;
				CLANG_WARN_DOCUMENTATION_COMMENTS = YES;
				CLANG_WARN_EMPTY_BODY = YES;
				CLANG_WARN_ENUM_CONVERSION = YES;
				CLANG_WARN_INFINITE_RECURSION = YES;
				CLANG_WARN_INT_CONVERSION = YES;
				CLANG_WARN_OBJC_ROOT_CLASS = YES_ERROR;
				CLANG_WARN_SUSPICIOUS_MOVES = YES;
				CLANG_WARN_UNREACHABLE_CODE = YES;
				CLANG_WARN__DUPLICATE_METHOD_MATCH = YES;
				"CODE_SIGN_IDENTITY[sdk=iphoneos*]" = "iPhone Developer";
				COPY_PHASE_STRIP = NO;
				DEBUG_INFORMATION_FORMAT = "dwarf-with-dsym";
				ENABLE_NS_ASSERTIONS = NO;
				ENABLE_STRICT_OBJC_MSGSEND = YES;
				GCC_C_LANGUAGE_STANDARD = gnu99;
				GCC_NO_COMMON_BLOCKS = YES;
				GCC_WARN_64_TO_32_BIT_CONVERSION = YES;
				GCC_WARN_ABOUT_RETURN_TYPE = YES_ERROR;
				GCC_WARN_UNDECLARED_SELECTOR = YES;
				GCC_WARN_UNINITIALIZED_AUTOS = YES_AGGRESSIVE;
				GCC_WARN_UNUSED_FUNCTION = YES;
				GCC_WARN_UNUSED_VARIABLE = YES;
				IPHONEOS_DEPLOYMENT_TARGET = 10.1;
				MTL_ENABLE_DEBUG_INFO = NO;
				SDKROOT = iphoneos;
				SWIFT_OPTIMIZATION_LEVEL = "-Owholemodule";
				TARGETED_DEVICE_FAMILY = "1,2";
				VALIDATE_PRODUCT = YES;
			};
			name = Release;
		};
		84870A501E4BA6DF00535254 /* Debug */ = {
			isa = XCBuildConfiguration;
			buildSettings = {
				ASSETCATALOG_COMPILER_APPICON_NAME = AppIcon;
				INFOPLIST_FILE = ScrollView/Info.plist;
				LD_RUNPATH_SEARCH_PATHS = "$(inherited) @executable_path/Frameworks";
				PRODUCT_BUNDLE_IDENTIFIER = ua.com.sur.ScrollView;
				PRODUCT_NAME = "$(TARGET_NAME)";
				SWIFT_VERSION = 3.0;
			};
			name = Debug;
		};
		84870A511E4BA6DF00535254 /* Release */ = {
			isa = XCBuildConfiguration;
			buildSettings = {
				ASSETCATALOG_COMPILER_APPICON_NAME = AppIcon;
				INFOPLIST_FILE = ScrollView/Info.plist;
				LD_RUNPATH_SEARCH_PATHS = "$(inherited) @executable_path/Frameworks";
				PRODUCT_BUNDLE_IDENTIFIER = ua.com.sur.ScrollView;
				PRODUCT_NAME = "$(TARGET_NAME)";
				SWIFT_VERSION = 3.0;
			};
			name = Release;
		};
/* End XCBuildConfiguration section */

/* Begin XCConfigurationList section */
		84870A381E4BA6DF00535254 /* Build configuration list for PBXProject "ScrollView" */ = {
			isa = XCConfigurationList;
			buildConfigurations = (
				84870A4D1E4BA6DF00535254 /* Debug */,
				84870A4E1E4BA6DF00535254 /* Release */,
			);
			defaultConfigurationIsVisible = 0;
			defaultConfigurationName = Release;
		};
		84870A4F1E4BA6DF00535254 /* Build configuration list for PBXNativeTarget "ScrollView" */ = {
			isa = XCConfigurationList;
			buildConfigurations = (
				84870A501E4BA6DF00535254 /* Debug */,
				84870A511E4BA6DF00535254 /* Release */,
			);
			defaultConfigurationIsVisible = 0;
		};
/* End XCConfigurationList section */
	};
	rootObject = 84870A351E4BA6DF00535254 /* Project object */;
}
