// !$*UTF8*$!
{
	archiveVersion = 1;
	classes = {
	};
	objectVersion = 46;
	objects = {

/* Begin PBXBuildFile section */
		84FA0F6C1E5CA7AD005C1CBA /* AppDelegate.swift in Sources */ = {isa = PBXBuildFile; fileRef = 84FA0F6B1E5CA7AD005C1CBA /* AppDelegate.swift */; };
		84FA0F6E1E5CA7AD005C1CBA /* ViewController.swift in Sources */ = {isa = PBXBuildFile; fileRef = 84FA0F6D1E5CA7AD005C1CBA /* ViewController.swift */; };
		84FA0F711E5CA7AD005C1CBA /* Main.storyboard in Resources */ = {isa = PBXBuildFile; fileRef = 84FA0F6F1E5CA7AD005C1CBA /* Main.storyboard */; };
		84FA0F731E5CA7AE005C1CBA /* Assets.xcassets in Resources */ = {isa = PBXBuildFile; fileRef = 84FA0F721E5CA7AE005C1CBA /* Assets.xcassets */; };
		84FA0F761E5CA7AE005C1CBA /* LaunchScreen.storyboard in Resources */ = {isa = PBXBuildFile; fileRef = 84FA0F741E5CA7AE005C1CBA /* LaunchScreen.storyboard */; };
/* End PBXBuildFile section */

/* Begin PBXFileReference section */
		84FA0F681E5CA7AD005C1CBA /* Iphone popover.app */ = {isa = PBXFileReference; explicitFileType = wrapper.application; includeInIndex = 0; path = "Iphone popover.app"; sourceTree = BUILT_PRODUCTS_DIR; };
		84FA0F6B1E5CA7AD005C1CBA /* AppDelegate.swift */ = {isa = PBXFileReference; lastKnownFileType = sourcecode.swift; path = AppDelegate.swift; sourceTree = "<group>"; };
		84FA0F6D1E5CA7AD005C1CBA /* ViewController.swift */ = {isa = PBXFileReference; lastKnownFileType = sourcecode.swift; path = ViewController.swift; sourceTree = "<group>"; };
		84FA0F701E5CA7AD005C1CBA /* Base */ = {isa = PBXFileReference; lastKnownFileType = file.storyboard; name = Base; path = Base.lproj/Main.storyboard; sourceTree = "<group>"; };
		84FA0F721E5CA7AE005C1CBA /* Assets.xcassets */ = {isa = PBXFileReference; lastKnownFileType = folder.assetcatalog; path = Assets.xcassets; sourceTree = "<group>"; };
		84FA0F751E5CA7AE005C1CBA /* Base */ = {isa = PBXFileReference; lastKnownFileType = file.storyboard; name = Base; path = Base.lproj/LaunchScreen.storyboard; sourceTree = "<group>"; };
		84FA0F771E5CA7AE005C1CBA /* Info.plist */ = {isa = PBXFileReference; lastKnownFileType = text.plist.xml; path = Info.plist; sourceTree = "<group>"; };
/* End PBXFileReference section */

/* Begin PBXFrameworksBuildPhase section */
		84FA0F651E5CA7AD005C1CBA /* Frameworks */ = {
			isa = PBXFrameworksBuildPhase;
			buildActionMask = 2147483647;
			files = (
			);
			runOnlyForDeploymentPostprocessing = 0;
		};
/* End PBXFrameworksBuildPhase section */

/* Begin PBXGroup section */
		84FA0F5F1E5CA7AD005C1CBA = {
			isa = PBXGroup;
			children = (
				84FA0F6A1E5CA7AD005C1CBA /* Iphone popover */,
				84FA0F691E5CA7AD005C1CBA /* Products */,
			);
			sourceTree = "<group>";
		};
		84FA0F691E5CA7AD005C1CBA /* Products */ = {
			isa = PBXGroup;
			children = (
				84FA0F681E5CA7AD005C1CBA /* Iphone popover.app */,
			);
			name = Products;
			sourceTree = "<group>";
		};
		84FA0F6A1E5CA7AD005C1CBA /* Iphone popover */ = {
			isa = PBXGroup;
			children = (
				84FA0F6B1E5CA7AD005C1CBA /* AppDelegate.swift */,
				84FA0F6D1E5CA7AD005C1CBA /* ViewController.swift */,
				84FA0F6F1E5CA7AD005C1CBA /* Main.storyboard */,
				84FA0F721E5CA7AE005C1CBA /* Assets.xcassets */,
				84FA0F741E5CA7AE005C1CBA /* LaunchScreen.storyboard */,
				84FA0F771E5CA7AE005C1CBA /* Info.plist */,
			);
			path = "Iphone popover";
			sourceTree = "<group>";
		};
/* End PBXGroup section */

/* Begin PBXNativeTarget section */
		84FA0F671E5CA7AD005C1CBA /* Iphone popover */ = {
			isa = PBXNativeTarget;
			buildConfigurationList = 84FA0F7A1E5CA7AE005C1CBA /* Build configuration list for PBXNativeTarget "Iphone popover" */;
			buildPhases = (
				84FA0F641E5CA7AD005C1CBA /* Sources */,
				84FA0F651E5CA7AD005C1CBA /* Frameworks */,
				84FA0F661E5CA7AD005C1CBA /* Resources */,
			);
			buildRules = (
			);
			dependencies = (
			);
			name = "Iphone popover";
			productName = "Iphone popover";
			productReference = 84FA0F681E5CA7AD005C1CBA /* Iphone popover.app */;
			productType = "com.apple.product-type.application";
		};
/* End PBXNativeTarget section */

/* Begin PBXProject section */
		84FA0F601E5CA7AD005C1CBA /* Project object */ = {
			isa = PBXProject;
			attributes = {
				LastSwiftUpdateCheck = 0810;
				LastUpgradeCheck = 0810;
				ORGANIZATIONNAME = Admin;
				TargetAttributes = {
					84FA0F671E5CA7AD005C1CBA = {
						CreatedOnToolsVersion = 8.1;
						ProvisioningStyle = Automatic;
					};
				};
			};
			buildConfigurationList = 84FA0F631E5CA7AD005C1CBA /* Build configuration list for PBXProject "Iphone popover" */;
			compatibilityVersion = "Xcode 3.2";
			developmentRegion = English;
			hasScannedForEncodings = 0;
			knownRegions = (
				en,
				Base,
			);
			mainGroup = 84FA0F5F1E5CA7AD005C1CBA;
			productRefGroup = 84FA0F691E5CA7AD005C1CBA /* Products */;
			projectDirPath = "";
			projectRoot = "";
			targets = (
				84FA0F671E5CA7AD005C1CBA /* Iphone popover */,
			);
		};
/* End PBXProject section */

/* Begin PBXResourcesBuildPhase section */
		84FA0F661E5CA7AD005C1CBA /* Resources */ = {
			isa = PBXResourcesBuildPhase;
			buildActionMask = 2147483647;
			files = (
				84FA0F761E5CA7AE005C1CBA /* LaunchScreen.storyboard in Resources */,
				84FA0F731E5CA7AE005C1CBA /* Assets.xcassets in Resources */,
				84FA0F711E5CA7AD005C1CBA /* Main.storyboard in Resources */,
			);
			runOnlyForDeploymentPostprocessing = 0;
		};
/* End PBXResourcesBuildPhase section */

/* Begin PBXSourcesBuildPhase section */
		84FA0F641E5CA7AD005C1CBA /* Sources */ = {
			isa = PBXSourcesBuildPhase;
			buildActionMask = 2147483647;
			files = (
				84FA0F6E1E5CA7AD005C1CBA /* ViewController.swift in Sources */,
				84FA0F6C1E5CA7AD005C1CBA /* AppDelegate.swift in Sources */,
			);
			runOnlyForDeploymentPostprocessing = 0;
		};
/* End PBXSourcesBuildPhase section */

/* Begin PBXVariantGroup section */
		84FA0F6F1E5CA7AD005C1CBA /* Main.storyboard */ = {
			isa = PBXVariantGroup;
			children = (
				84FA0F701E5CA7AD005C1CBA /* Base */,
			);
			name = Main.storyboard;
			sourceTree = "<group>";
		};
		84FA0F741E5CA7AE005C1CBA /* LaunchScreen.storyboard */ = {
			isa = PBXVariantGroup;
			children = (
				84FA0F751E5CA7AE005C1CBA /* Base */,
			);
			name = LaunchScreen.storyboard;
			sourceTree = "<group>";
		};
/* End PBXVariantGroup section */

/* Begin XCBuildConfiguration section */
		84FA0F781E5CA7AE005C1CBA /* Debug */ = {
			isa = XCBuildConfiguration;
			buildSettings = {
				ALWAYS_SEARCH_USER_PATHS = NO;
				CLANG_ANALYZER_NONNULL = YES;
				CLANG_CXX_LANGUAGE_STANDARD = "gnu++0x";
				CLANG_CXX_LIBRARY = "libc++";
				CLANG_ENABLE_MODULES = YES;
				CLANG_ENABLE_OBJC_ARC = YES;
				CLANG_WARN_BOOL_CONVERSION = YES;
				CLANG_WARN_CONSTANT_CONVERSION = YES;
				CLANG_WARN_DIRECT_OBJC_ISA_USAGE = YES_ERROR;
				CLANG_WARN_DOCUMENTATION_COMMENTS = YES;
				CLANG_WARN_EMPTY_BODY = YES;
				CLANG_WARN_ENUM_CONVERSION = YES;
				CLANG_WARN_INFINITE_RECURSION = YES;
				CLANG_WARN_INT_CONVERSION = YES;
				CLANG_WARN_OBJC_ROOT_CLASS = YES_ERROR;
				CLANG_WARN_SUSPICIOUS_MOVES = YES;
				CLANG_WARN_UNREACHABLE_CODE = YES;
				CLANG_WARN__DUPLICATE_METHOD_MATCH = YES;
				"CODE_SIGN_IDENTITY[sdk=iphoneos*]" = "iPhone Developer";
				COPY_PHASE_STRIP = NO;
				DEBUG_INFORMATION_FORMAT = dwarf;
				ENABLE_STRICT_OBJC_MSGSEND = YES;
				ENABLE_TESTABILITY = YES;
				GCC_C_LANGUAGE_STANDARD = gnu99;
				GCC_DYNAMIC_NO_PIC = NO;
				GCC_NO_COMMON_BLOCKS = YES;
				GCC_OPTIMIZATION_LEVEL = 0;
				GCC_PREPROCESSOR_DEFINITIONS = (
					"DEBUG=1",
					"$(inherited)",
				);
				GCC_WARN_64_TO_32_BIT_CONVERSION = YES;
				GCC_WARN_ABOUT_RETURN_TYPE = YES_ERROR;
				GCC_WARN_UNDECLARED_SELECTOR = YES;
				GCC_WARN_UNINITIALIZED_AUTOS = YES_AGGRESSIVE;
				GCC_WARN_UNUSED_FUNCTION = YES;
				GCC_WARN_UNUSED_VARIABLE = YES;
				IPHONEOS_DEPLOYMENT_TARGET = 10.1;
				MTL_ENABLE_DEBUG_INFO = YES;
				ONLY_ACTIVE_ARCH = YES;
				SDKROOT = iphoneos;
				SWIFT_ACTIVE_COMPILATION_CONDITIONS = DEBUG;
				SWIFT_OPTIMIZATION_LEVEL = "-Onone";
				TARGETED_DEVICE_FAMILY = "1,2";
			};
			name = Debug;
		};
		84FA0F791E5CA7AE005C1CBA /* Release */ = {
			isa = XCBuildConfiguration;
			buildSettings = {
				ALWAYS_SEARCH_USER_PATHS = NO;
				CLANG_ANALYZER_NONNULL = YES;
				CLANG_CXX_LANGUAGE_STANDARD = "gnu++0x";
				CLANG_CXX_LIBRARY = "libc++";
				CLANG_ENABLE_MODULES = YES;
				CLANG_ENABLE_OBJC_ARC = YES;
				CLANG_WARN_BOOL_CONVERSION = YES;
				CLANG_WARN_CONSTANT_CONVERSION = YES;
				CLANG_WARN_DIRECT_OBJC_ISA_USAGE = YES_ERROR;
				CLANG_WARN_DOCUMENTATION_COMMENTS = YES;
				CLANG_WARN_EMPTY_BODY = YES;
				CLANG_WARN_ENUM_CONVERSION = YES;
				CLANG_WARN_INFINITE_RECURSION = YES;
				CLANG_WARN_INT_CONVERSION = YES;
				CLANG_WARN_OBJC_ROOT_CLASS = YES_ERROR;
				CLANG_WARN_SUSPICIOUS_MOVES = YES;
				CLANG_WARN_UNREACHABLE_CODE = YES;
				CLANG_WARN__DUPLICATE_METHOD_MATCH = YES;
				"CODE_SIGN_IDENTITY[sdk=iphoneos*]" = "iPhone Developer";
				COPY_PHASE_STRIP = NO;
				DEBUG_INFORMATION_FORMAT = "dwarf-with-dsym";
				ENABLE_NS_ASSERTIONS = NO;
				ENABLE_STRICT_OBJC_MSGSEND = YES;
				GCC_C_LANGUAGE_STANDARD = gnu99;
				GCC_NO_COMMON_BLOCKS = YES;
				GCC_WARN_64_TO_32_BIT_CONVERSION = YES;
				GCC_WARN_ABOUT_RETURN_TYPE = YES_ERROR;
				GCC_WARN_UNDECLARED_SELECTOR = YES;
				GCC_WARN_UNINITIALIZED_AUTOS = YES_AGGRESSIVE;
				GCC_WARN_UNUSED_FUNCTION = YES;
				GCC_WARN_UNUSED_VARIABLE = YES;
				IPHONEOS_DEPLOYMENT_TARGET = 10.1;
				MTL_ENABLE_DEBUG_INFO = NO;
				SDKROOT = iphoneos;
				SWIFT_OPTIMIZATION_LEVEL = "-Owholemodule";
				TARGETED_DEVICE_FAMILY = "1,2";
				VALIDATE_PRODUCT = YES;
			};
			name = Release;
		};
		84FA0F7B1E5CA7AE005C1CBA /* Debug */ = {
			isa = XCBuildConfiguration;
			buildSettings = {
				ASSETCATALOG_COMPILER_APPICON_NAME = AppIcon;
				INFOPLIST_FILE = "Iphone popover/Info.plist";
				LD_RUNPATH_SEARCH_PATHS = "$(inherited) @executable_path/Frameworks";
				PRODUCT_BUNDLE_IDENTIFIER = "ua.com.sur.Iphone-popover";
				PRODUCT_NAME = "$(TARGET_NAME)";
				SWIFT_VERSION = 3.0;
			};
			name = Debug;
		};
		84FA0F7C1E5CA7AE005C1CBA /* Release */ = {
			isa = XCBuildConfiguration;
			buildSettings = {
				ASSETCATALOG_COMPILER_APPICON_NAME = AppIcon;
				INFOPLIST_FILE = "Iphone popover/Info.plist";
				LD_RUNPATH_SEARCH_PATHS = "$(inherited) @executable_path/Frameworks";
				PRODUCT_BUNDLE_IDENTIFIER = "ua.com.sur.Iphone-popover";
				PRODUCT_NAME = "$(TARGET_NAME)";
				SWIFT_VERSION = 3.0;
			};
			name = Release;
		};
/* End XCBuildConfiguration section */

/* Begin XCConfigurationList section */
		84FA0F631E5CA7AD005C1CBA /* Build configuration list for PBXProject "Iphone popover" */ = {
			isa = XCConfigurationList;
			buildConfigurations = (
				84FA0F781E5CA7AE005C1CBA /* Debug */,
				84FA0F791E5CA7AE005C1CBA /* Release */,
			);
			defaultConfigurationIsVisible = 0;
			defaultConfigurationName = Release;
		};
		84FA0F7A1E5CA7AE005C1CBA /* Build configuration list for PBXNativeTarget "Iphone popover" */ = {
			isa = XCConfigurationList;
			buildConfigurations = (
				84FA0F7B1E5CA7AE005C1CBA /* Debug */,
				84FA0F7C1E5CA7AE005C1CBA /* Release */,
			);
			defaultConfigurationIsVisible = 0;
		};
/* End XCConfigurationList section */
	};
	rootObject = 84FA0F601E5CA7AD005C1CBA /* Project object */;
}
